
Microsoft Visual Studio Solution File, Format Version 12.00
# Visual Studio Version 16
VisualStudioVersion = 25.0.1704.3
MinimumVisualStudioVersion = 10.0.40219.1
Project("{FAE04EC0-301F-11D3-BF4B-00C04F79EFBC}") = "HotelsWebAPI", "HotelsWebAPI\HotelsWebAPI.csproj", "{A2D199D4-EDA7-484F-9C47-6FAF6A61A58B}"
EndProject
Global
	GlobalSection(SolutionConfigurationPlatforms) = preSolution
		Debug|Any CPU = Debug|Any CPU
		Release|Any CPU = Release|Any CPU
	EndGlobalSection
	GlobalSection(ProjectConfigurationPlatforms) = postSolution
		{A2D199D4-EDA7-484F-9C47-6FAF6A61A58B}.Debug|Any CPU.ActiveCfg = Debug|Any CPU
		{A2D199D4-EDA7-484F-9C47-6FAF6A61A58B}.Debug|Any CPU.Build.0 = Debug|Any CPU
		{A2D199D4-EDA7-484F-9C47-6FAF6A61A58B}.Release|Any CPU.ActiveCfg = Release|Any CPU
		{A2D199D4-EDA7-484F-9C47-6FAF6A61A58B}.Release|Any CPU.Build.0 = Release|Any CPU
	EndGlobalSection
	GlobalSection(SolutionProperties) = preSolution
		HideSolutionNode = FALSE
	EndGlobalSection
	GlobalSection(ExtensibilityGlobals) = postSolution
		SolutionGuid = {0F44B86A-D199-4B9A-919C-5DAF8B49BC38}
	EndGlobalSection
EndGlobal
